
Microsoft Visual Studio Solution File, Format Version 12.00
# Visual Studio 15
VisualStudioVersion = 15.0.28010.2050
MinimumVisualStudioVersion = 10.0.40219.1
Project("{9A19103F-16F7-4668-BE54-9A1E7A4F7556}") = "BracketsCheckerApplication", "BracketsCheckerApplication\BracketsCheckerApplication.csproj", "{E0085AF1-6D5D-420D-85D8-CEF3A211807D}"
EndProject
Global
	GlobalSection(SolutionConfigurationPlatforms) = preSolution
		Debug|Any CPU = Debug|Any CPU
		Release|Any CPU = Release|Any CPU
	EndGlobalSection
	GlobalSection(ProjectConfigurationPlatforms) = postSolution
		{E0085AF1-6D5D-420D-85D8-CEF3A211807D}.Debug|Any CPU.ActiveCfg = Debug|Any CPU
		{E0085AF1-6D5D-420D-85D8-CEF3A211807D}.Debug|Any CPU.Build.0 = Debug|Any CPU
		{E0085AF1-6D5D-420D-85D8-CEF3A211807D}.Release|Any CPU.ActiveCfg = Release|Any CPU
		{E0085AF1-6D5D-420D-85D8-CEF3A211807D}.Release|Any CPU.Build.0 = Release|Any CPU
	EndGlobalSection
	GlobalSection(SolutionProperties) = preSolution
		HideSolutionNode = FALSE
	EndGlobalSection
	GlobalSection(ExtensibilityGlobals) = postSolution
		SolutionGuid = {B47B7224-A3DF-4FBF-A861-5331CA355577}
	EndGlobalSection
EndGlobal
